# Beacon frozen version matrix - verified against vendor docs on 2026-08-16
TEAMCITY_VERSION=2026.1.3
TEAMCITY_BUILD=222742
OCTOPUS_VERSION=2026.2.13319
K3D_VERSION=v5.9.0
K3S_IMAGE=rancher/k3s:v1.35.2-k3s1
KUBERNETES_VERSION=v1.35.2
KUBECTL_VERSION=v1.35.2
PYTHON_IMAGE=python:3.12.14-slim-bookworm
MSSQL_IMAGE=mcr.microsoft.com/mssql/server:2022-CU26-ubuntu-22.04
REGISTRY_HOST_PORT=5111
KUBE_API_PORT=6550
CONTAINERD_VERSION=2.3.3
